
Microsoft Visual Studio Solution File, Format Version 12.00
# Visual Studio Version 16
VisualStudioVersion = 16.0.31409.214
MinimumVisualStudioVersion = 10.0.40219.1
Project("{FAE04EC0-301F-11D3-BF4B-00C04F79EFBC}") = "Lab11_1StackOverflow", "Lab11_1StackOverflow\Lab11_1StackOverflow.csproj", "{B504CA82-7536-415C-94CA-22999FE9DBE8}"
EndProject
Global
	GlobalSection(SolutionConfigurationPlatforms) = preSolution
		Debug|Any CPU = Debug|Any CPU
		Release|Any CPU = Release|Any CPU
	EndGlobalSection
	GlobalSection(ProjectConfigurationPlatforms) = postSolution
		{B504CA82-7536-415C-94CA-22999FE9DBE8}.Debug|Any CPU.ActiveCfg = Debug|Any CPU
		{B504CA82-7536-415C-94CA-22999FE9DBE8}.Debug|Any CPU.Build.0 = Debug|Any CPU
		{B504CA82-7536-415C-94CA-22999FE9DBE8}.Release|Any CPU.ActiveCfg = Release|Any CPU
		{B504CA82-7536-415C-94CA-22999FE9DBE8}.Release|Any CPU.Build.0 = Release|Any CPU
	EndGlobalSection
	GlobalSection(SolutionProperties) = preSolution
		HideSolutionNode = FALSE
	EndGlobalSection
	GlobalSection(ExtensibilityGlobals) = postSolution
		SolutionGuid = {33AFC56F-A079-409A-AB4A-18015AB5C5FB}
	EndGlobalSection
EndGlobal
